
Microsoft Visual Studio Solution File, Format Version 12.00
# Visual Studio Version 17
VisualStudioVersion = 17.6.33829.357
MinimumVisualStudioVersion = 10.0.40219.1
Project("{8BC9CEB8-8B4A-11D0-8D11-00A0C91BC942}") = "CppProcessCustomTest", "CppProcessCustomTest\CppProcessCustomTest.vcxproj", "{6E3E4B17-D18A-4AFE-9D05-2CC28FD63067}"
EndProject
Global
	GlobalSection(SolutionConfigurationPlatforms) = preSolution
		Debug|x64 = Debug|x64
		Debug|x86 = Debug|x86
		Release|x64 = Release|x64
		Release|x86 = Release|x86
	EndGlobalSection
	GlobalSection(ProjectConfigurationPlatforms) = postSolution
		{6E3E4B17-D18A-4AFE-9D05-2CC28FD63067}.Debug|x64.ActiveCfg = Debug|x64
		{6E3E4B17-D18A-4AFE-9D05-2CC28FD63067}.Debug|x64.Build.0 = Debug|x64
		{6E3E4B17-D18A-4AFE-9D05-2CC28FD63067}.Debug|x86.ActiveCfg = Debug|Win32
		{6E3E4B17-D18A-4AFE-9D05-2CC28FD63067}.Debug|x86.Build.0 = Debug|Win32
		{6E3E4B17-D18A-4AFE-9D05-2CC28FD63067}.Release|x64.ActiveCfg = Release|x64
		{6E3E4B17-D18A-4AFE-9D05-2CC28FD63067}.Release|x64.Build.0 = Release|x64
		{6E3E4B17-D18A-4AFE-9D05-2CC28FD63067}.Release|x86.ActiveCfg = Release|Win32
		{6E3E4B17-D18A-4AFE-9D05-2CC28FD63067}.Release|x86.Build.0 = Release|Win32
	EndGlobalSection
	GlobalSection(SolutionProperties) = preSolution
		HideSolutionNode = FALSE
	EndGlobalSection
	GlobalSection(ExtensibilityGlobals) = postSolution
		SolutionGuid = {2F5B0471-A726-4D98-BED0-F2C5A4D2DCF3}
	EndGlobalSection
EndGlobal
